<?xml version="1.0" encoding="utf-8"?>
<Project ToolsVersion="4.0" xmlns="http://schemas.microsoft.com/developer/msbuild/2003">
  <ItemGroup>
    <Filter Include="src">
      <UniqueIdentifier>{3d2c2095-7be6-4658-8750-2a223538b6fa}</UniqueIdentifier>
    </Filter>
    <Filter Include="src\backend">
      <UniqueIdentifier>{36884f7d-7472-4aeb-8fde-e40a851590a2}</UniqueIdentifier>
    </Filter>
    <Filter Include="src\backend\libpq">
      <UniqueIdentifier>{fbc69864-b399-4657-945d-7c702013f841}</UniqueIdentifier>
    </Filter>
    <Filter Include="src\backend\utils">
      <UniqueIdentifier>{f9c55a44-8775-40f1-8690-1cc67cca3c38}</UniqueIdentifier>
    </Filter>
    <Filter Include="src\backend\utils\mb">
      <UniqueIdentifier>{465b17fd-f22d-4067-84f7-b43f4d366731}</UniqueIdentifier>
    </Filter>
    <Filter Include="src\interfaces">
      <UniqueIdentifier>{17040ef7-8aef-4696-8713-489d5ed8ca52}</UniqueIdentifier>
    </Filter>
    <Filter Include="src\interfaces\libpq">
      <UniqueIdentifier>{6e4ddb4b-e2e9-4d18-8c9a-f3b631aa8373}</UniqueIdentifier>
    </Filter>
    <Filter Include="src\port">
      <UniqueIdentifier>{144c2dc9-45bd-40b9-8e9c-2aa2823499c3}</UniqueIdentifier>
    </Filter>
  </ItemGroup>
  <ItemGroup>
    <ClCompile Include="src\backend\libpq\ip.c">
      <Filter>src\backend\libpq</Filter>
    </ClCompile>
    <ClCompile Include="src\backend\libpq\md5.c">
      <Filter>src\backend\libpq</Filter>
    </ClCompile>
    <ClCompile Include="src\backend\utils\mb\encnames.c">
      <Filter>src\backend\utils\mb</Filter>
    </ClCompile>
    <ClCompile Include="src\backend\utils\mb\wchar.c">
      <Filter>src\backend\utils\mb</Filter>
    </ClCompile>
    <ClCompile Include="src\interfaces\libpq\ClientSideCursorExecutor.c">
      <Filter>src\interfaces\libpq</Filter>
    </ClCompile>
    <ClCompile Include="src\interfaces\libpq\ClientSideCursorInputStream.c">
      <Filter>src\interfaces\libpq</Filter>
    </ClCompile>
    <ClCompile Include="src\interfaces\libpq\ClientSideCursorLock.c">
      <Filter>src\interfaces\libpq</Filter>
    </ClCompile>
    <ClCompile Include="src\interfaces\libpq\ClientSideCursorMultiResultLock.c">
      <Filter>src\interfaces\libpq</Filter>
    </ClCompile>
    <ClCompile Include="src\interfaces\libpq\ClientSideCursorOptions.c">
      <Filter>src\interfaces\libpq</Filter>
    </ClCompile>
    <ClCompile Include="src\interfaces\libpq\ClientSideCursorOutputStream.c">
      <Filter>src\interfaces\libpq</Filter>
    </ClCompile>
    <ClCompile Include="src\interfaces\libpq\ClientSideCursorResult.c">
      <Filter>src\interfaces\libpq</Filter>
    </ClCompile>
    <ClCompile Include="src\interfaces\libpq\ClientSideCursorShutdownHook.c">
      <Filter>src\interfaces\libpq</Filter>
    </ClCompile>
    <ClCompile Include="src\interfaces\libpq\ClientSideCursorThread.c">
      <Filter>src\interfaces\libpq</Filter>
    </ClCompile>
    <ClCompile Include="src\interfaces\libpq\ClientSideCursorTrace.c">
      <Filter>src\interfaces\libpq</Filter>
    </ClCompile>
    <ClCompile Include="src\interfaces\libpq\fe-auth.c">
      <Filter>src\interfaces\libpq</Filter>
    </ClCompile>
    <ClCompile Include="src\interfaces\libpq\fe-connect.c">
      <Filter>src\interfaces\libpq</Filter>
    </ClCompile>
    <ClCompile Include="src\interfaces\libpq\fe-exec.c">
      <Filter>src\interfaces\libpq</Filter>
    </ClCompile>
    <ClCompile Include="src\interfaces\libpq\fe-lobj.c">
      <Filter>src\interfaces\libpq</Filter>
    </ClCompile>
    <ClCompile Include="src\interfaces\libpq\fe-misc.c">
      <Filter>src\interfaces\libpq</Filter>
    </ClCompile>
    <ClCompile Include="src\interfaces\libpq\fe-print.c">
      <Filter>src\interfaces\libpq</Filter>
    </ClCompile>
    <ClCompile Include="src\interfaces\libpq\fe-protocol2.c">
      <Filter>src\interfaces\libpq</Filter>
    </ClCompile>
    <ClCompile Include="src\interfaces\libpq\fe-protocol3.c">
      <Filter>src\interfaces\libpq</Filter>
    </ClCompile>
    <ClCompile Include="src\interfaces\libpq\fe-secure.c">
      <Filter>src\interfaces\libpq</Filter>
    </ClCompile>
    <ClCompile Include="src\interfaces\libpq\file_util.c">
      <Filter>src\interfaces\libpq</Filter>
    </ClCompile>
    <ClCompile Include="src\interfaces\libpq\libpq-events.c">
      <Filter>src\interfaces\libpq</Filter>
    </ClCompile>
    <ClCompile Include="src\interfaces\libpq\MessageLoopState.c">
      <Filter>src\interfaces\libpq</Filter>
    </ClCompile>
    <ClCompile Include="src\interfaces\libpq\pqexpbuffer.c">
      <Filter>src\interfaces\libpq</Filter>
    </ClCompile>
    <ClCompile Include="src\interfaces\libpq\pqsignal.c">
      <Filter>src\interfaces\libpq</Filter>
    </ClCompile>
    <ClCompile Include="src\interfaces\libpq\pthread-win32.c">
      <Filter>src\interfaces\libpq</Filter>
    </ClCompile>
    <ClCompile Include="src\interfaces\libpq\win32.c">
      <Filter>src\interfaces\libpq</Filter>
    </ClCompile>
    <ClCompile Include="src\port\chklocale.c">
      <Filter>src\port</Filter>
    </ClCompile>
    <ClCompile Include="src\port\inet_net_ntop.c">
      <Filter>src\port</Filter>
    </ClCompile>
    <ClCompile Include="src\port\noblock.c">
      <Filter>src\port</Filter>
    </ClCompile>
    <ClCompile Include="src\port\pgsleep.c">
      <Filter>src\port</Filter>
    </ClCompile>
    <ClCompile Include="src\port\pgstrcasecmp.c">
      <Filter>src\port</Filter>
    </ClCompile>
    <ClCompile Include="src\port\thread.c">
      <Filter>src\port</Filter>
    </ClCompile>
    <ClCompile Include="src\interfaces\libpq\rsfile.c">
      <Filter>src\interfaces\libpq</Filter>
    </ClCompile>
    <ClCompile Include="src\interfaces\libpq\rslock.c">
      <Filter>src\interfaces\libpq</Filter>
    </ClCompile>
    <ClCompile Include="src\interfaces\libpq\rsmem.c">
      <Filter>src\interfaces\libpq</Filter>
    </ClCompile>
  </ItemGroup>
  <ItemGroup>
    <ResourceCompile Include="src\interfaces\libpq\libpq.rc">
      <Filter>src\interfaces\libpq</Filter>
    </ResourceCompile>
  </ItemGroup>
</Project>