
Microsoft Visual Studio Solution File, Format Version 12.00
# Visual Studio Version 16
VisualStudioVersion = 16.0.30907.101
MinimumVisualStudioVersion = 10.0.40219.1
Project("{8BC9CEB8-8B4A-11D0-8D11-00A0C91BC942}") = "rsodbcsql", "rsodbcsql.vcxproj", "{1CBDA721-150B-4E5E-81B5-B7DA33BD7313}"
EndProject
Global
	GlobalSection(SolutionConfigurationPlatforms) = preSolution
		Debug|Win32 = Debug|Win32
		Debug|x64 = Debug|x64
		Release|Win32 = Release|Win32
		Release|x64 = Release|x64
	EndGlobalSection
	GlobalSection(ProjectConfigurationPlatforms) = postSolution
		{1CBDA721-150B-4E5E-81B5-B7DA33BD7313}.Debug|Win32.ActiveCfg = Debug|Win32
		{1CBDA721-150B-4E5E-81B5-B7DA33BD7313}.Debug|Win32.Build.0 = Debug|Win32
		{1CBDA721-150B-4E5E-81B5-B7DA33BD7313}.Debug|x64.ActiveCfg = Debug|x64
		{1CBDA721-150B-4E5E-81B5-B7DA33BD7313}.Debug|x64.Build.0 = Debug|x64
		{1CBDA721-150B-4E5E-81B5-B7DA33BD7313}.Release|Win32.ActiveCfg = Release|Win32
		{1CBDA721-150B-4E5E-81B5-B7DA33BD7313}.Release|Win32.Build.0 = Release|Win32
		{1CBDA721-150B-4E5E-81B5-B7DA33BD7313}.Release|x64.ActiveCfg = Release|x64
		{1CBDA721-150B-4E5E-81B5-B7DA33BD7313}.Release|x64.Build.0 = Release|x64
	EndGlobalSection
	GlobalSection(SolutionProperties) = preSolution
		HideSolutionNode = FALSE
	EndGlobalSection
	GlobalSection(ExtensibilityGlobals) = postSolution
		SolutionGuid = {1C83F1D6-2824-45A3-846B-AD7BCAC75425}
	EndGlobalSection
EndGlobal
