<?xml version="1.0" encoding="utf-8"?>
<Project ToolsVersion="4.0" xmlns="http://schemas.microsoft.com/developer/msbuild/2003">
  <ItemGroup>
    <Filter Include="Source Files">
      <UniqueIdentifier>{4FC737F1-C7A5-4376-A066-2A32D752A2FF}</UniqueIdentifier>
      <Extensions>cpp;c;cc;cxx;def;odl;idl;hpj;bat;asm;asmx</Extensions>
    </Filter>
    <Filter Include="Header Files">
      <UniqueIdentifier>{93995380-89BD-4b04-88EB-625FBE52EBFB}</UniqueIdentifier>
      <Extensions>h;hpp;hxx;hm;inl;inc;xsd</Extensions>
    </Filter>
    <Filter Include="Resource Files">
      <UniqueIdentifier>{67DA6AB6-F800-4c08-8B7A-83BB121AAD01}</UniqueIdentifier>
      <Extensions>rc;ico;cur;bmp;dlg;rc2;rct;bin;rgs;gif;jpg;jpeg;jpe;resx;tiff;tif;png;wav</Extensions>
    </Filter>
    <Filter Include="Source Files\iam">
      <UniqueIdentifier>{106046de-f13e-4566-8747-f615946b9348}</UniqueIdentifier>
    </Filter>
    <Filter Include="Header Files\iam">
      <UniqueIdentifier>{3bf4ae23-74cd-4351-a010-302dfa1d5cc5}</UniqueIdentifier>
    </Filter>
    <Filter Include="Source Files\iam\core">
      <UniqueIdentifier>{4a993442-99be-44e8-8035-86a3d483857e}</UniqueIdentifier>
    </Filter>
    <Filter Include="Header Files\iam\core">
      <UniqueIdentifier>{ebb8e971-099f-444b-8f7b-7f06241daabd}</UniqueIdentifier>
    </Filter>
    <Filter Include="Source Files\iam\http">
      <UniqueIdentifier>{7693d04c-30f2-41ee-88d6-3dc8c71de8db}</UniqueIdentifier>
    </Filter>
    <Filter Include="Header Files\iam\http">
      <UniqueIdentifier>{b9514d1d-77d1-4a59-a432-d8c0ad36518f}</UniqueIdentifier>
    </Filter>
    <Filter Include="Source Files\iam\plugins">
      <UniqueIdentifier>{a26f1dff-0614-4378-b429-19cd24a8ca39}</UniqueIdentifier>
    </Filter>
    <Filter Include="Header Files\iam\plugins">
      <UniqueIdentifier>{637cda18-ca6c-4f88-afda-4f69bf00fbae}</UniqueIdentifier>
    </Filter>
  </ItemGroup>
  <ItemGroup>
    <ClCompile Include="dllmain.c">
      <Filter>Source Files</Filter>
    </ClCompile>
    <ClCompile Include="rscatalog.cpp">
      <Filter>Source Files</Filter>
    </ClCompile>
    <ClCompile Include="rsconnect.cpp">
      <Filter>Source Files</Filter>
    </ClCompile>
    <ClCompile Include="rsdesc.cpp">
      <Filter>Source Files</Filter>
    </ClCompile>
    <ClCompile Include="rsdrvinfo.cpp">
      <Filter>Source Files</Filter>
    </ClCompile>
    <ClCompile Include="rserror.cpp">
      <Filter>Source Files</Filter>
    </ClCompile>
    <ClCompile Include="rsexecute.cpp">
      <Filter>Source Files</Filter>
    </ClCompile>
    <ClCompile Include="rslibpq.c">
      <Filter>Source Files</Filter>
    </ClCompile>
    <ClCompile Include="rsoptions.cpp">
      <Filter>Source Files</Filter>
    </ClCompile>
    <ClCompile Include="rsparameter.cpp">
      <Filter>Source Files</Filter>
    </ClCompile>
    <ClCompile Include="rsprepare.cpp">
      <Filter>Source Files</Filter>
    </ClCompile>
    <ClCompile Include="rsresult.cpp">
      <Filter>Source Files</Filter>
    </ClCompile>
    <ClCompile Include="rstrace.c">
      <Filter>Source Files</Filter>
    </ClCompile>
    <ClCompile Include="rstransaction.cpp">
      <Filter>Source Files</Filter>
    </ClCompile>
    <ClCompile Include="rsunicode.c">
      <Filter>Source Files</Filter>
    </ClCompile>
    <ClCompile Include="rsutil.c">
      <Filter>Source Files</Filter>
    </ClCompile>
    <ClCompile Include="win_port.c">
      <Filter>Source Files</Filter>
    </ClCompile>
    <ClCompile Include="iam\rs_string.cpp">
      <Filter>Source Files\iam</Filter>
    </ClCompile>
    <ClCompile Include="iam\RsCredentials.cpp">
      <Filter>Source Files\iam</Filter>
    </ClCompile>
    <ClCompile Include="iam\RsErrorException.cpp">
      <Filter>Source Files\iam</Filter>
    </ClCompile>
    <ClCompile Include="iam\RsIamClient.cpp">
      <Filter>Source Files\iam</Filter>
    </ClCompile>
    <ClCompile Include="iam\RsIamEntry.cpp">
      <Filter>Source Files\iam</Filter>
    </ClCompile>
    <ClCompile Include="iam\RsIamHelper.cpp">
      <Filter>Source Files\iam</Filter>
    </ClCompile>
    <ClCompile Include="iam\core\IAMConfiguration.cpp">
      <Filter>Source Files\iam\core</Filter>
    </ClCompile>
    <ClCompile Include="iam\core\IAMCredentials.cpp">
      <Filter>Source Files\iam\core</Filter>
    </ClCompile>
    <ClCompile Include="iam\core\IAMCredentialsProvider.cpp">
      <Filter>Source Files\iam\core</Filter>
    </ClCompile>
    <ClCompile Include="iam\core\IAMFactory.cpp">
      <Filter>Source Files\iam\core</Filter>
    </ClCompile>
    <ClCompile Include="iam\core\IAMProfileConfigLoader.cpp">
      <Filter>Source Files\iam\core</Filter>
    </ClCompile>
    <ClCompile Include="iam\core\IAMProfileCredentialsProvider.cpp">
      <Filter>Source Files\iam\core</Filter>
    </ClCompile>
    <ClCompile Include="iam\core\IAMUtils.cpp">
      <Filter>Source Files\iam\core</Filter>
    </ClCompile>
    <ClCompile Include="iam\http\AddrInformation.cpp">
      <Filter>Source Files\iam\http</Filter>
    </ClCompile>
    <ClCompile Include="iam\http\IAMCurlHttpClient.cpp">
      <Filter>Source Files\iam\http</Filter>
    </ClCompile>
    <ClCompile Include="iam\http\IAMHttpClient.cpp">
      <Filter>Source Files\iam\http</Filter>
    </ClCompile>
    <ClCompile Include="iam\http\IAMWinHttpClient.cpp">
      <Filter>Source Files\iam\http</Filter>
    </ClCompile>
    <ClCompile Include="iam\http\IAMWinHttpClientDelegate.cpp">
      <Filter>Source Files\iam\http</Filter>
    </ClCompile>
    <ClCompile Include="iam\http\Parser.cpp">
      <Filter>Source Files\iam\http</Filter>
    </ClCompile>
    <ClCompile Include="iam\http\Selector.cpp">
      <Filter>Source Files\iam\http</Filter>
    </ClCompile>
    <ClCompile Include="iam\http\Socket.cpp">
      <Filter>Source Files\iam\http</Filter>
    </ClCompile>
    <ClCompile Include="iam\http\WEBServer.cpp">
      <Filter>Source Files\iam\http</Filter>
    </ClCompile>
    <ClCompile Include="iam\plugins\IdpTokenAuthPlugin.cpp">
      <Filter>Source Files\iam\plugins</Filter>
    </ClCompile>
    <ClCompile Include="iam\plugins\BrowserIdcAuthPlugin.cpp">
      <Filter>Source Files\iam\plugins</Filter>
    </ClCompile>
    <ClCompile Include="iam\plugins\IAMAdfsCredentialsProvider.cpp">
      <Filter>Source Files\iam\plugins</Filter>
    </ClCompile>
    <ClCompile Include="iam\plugins\IAMAzureCredentialsProvider.cpp">
      <Filter>Source Files\iam\plugins</Filter>
    </ClCompile>
    <ClCompile Include="iam\plugins\IAMBrowserAzureCredentialsProvider.cpp">
      <Filter>Source Files\iam\plugins</Filter>
    </ClCompile>
    <ClCompile Include="iam\plugins\IAMBrowserSamlCredentialsProvider.cpp">
      <Filter>Source Files\iam\plugins</Filter>
    </ClCompile>
    <ClCompile Include="iam\plugins\IAMExternalCredentialsProvider.cpp">
      <Filter>Source Files\iam\plugins</Filter>
    </ClCompile>
    <ClCompile Include="iam\plugins\IAMJwtBasicCredentialsProvider.cpp">
      <Filter>Source Files\iam\plugins</Filter>
    </ClCompile>
    <ClCompile Include="iam\plugins\IAMJwtPluginCredentialsProvider.cpp">
      <Filter>Source Files\iam\plugins</Filter>
    </ClCompile>
    <ClCompile Include="iam\plugins\IAMOktaCredentialsProvider.cpp">
      <Filter>Source Files\iam\plugins</Filter>
    </ClCompile>
    <ClCompile Include="iam\plugins\IAMPingCredentialsProvider.cpp">
      <Filter>Source Files\iam\plugins</Filter>
    </ClCompile>
    <ClCompile Include="iam\plugins\IAMPluginCredentialsProvider.cpp">
      <Filter>Source Files\iam\plugins</Filter>
    </ClCompile>
    <ClCompile Include="iam\plugins\IAMPluginFactory.cpp">
      <Filter>Source Files\iam\plugins</Filter>
    </ClCompile>
    <ClCompile Include="iam\plugins\IAMSamlPluginCredentialsProvider.cpp">
      <Filter>Source Files\iam\plugins</Filter>
    </ClCompile>
    <ClCompile Include="iam\plugins\IAMBrowserAzureOAuth2CredentialsProvider.cpp">
      <Filter>Source Files\iam\plugins</Filter>
    </ClCompile>
    <ClCompile Include="iam\plugins\JwtIamAuthPlugin.cpp">
      <Filter>Source Files\iam\plugins</Filter>
    </ClCompile>
    <ClCompile Include="iam\plugins\NativePluginCredentialsProvider.cpp">
      <Filter>Source Files\iam\plugins</Filter>
    </ClCompile>
  </ItemGroup>
  <ItemGroup>
    <ClInclude Include="linux_port.h">
      <Filter>Header Files</Filter>
    </ClInclude>
    <ClInclude Include="rsodbc.h">
      <Filter>Header Files</Filter>
    </ClInclude>
    <ClInclude Include="rstrace.h">
      <Filter>Header Files</Filter>
    </ClInclude>
    <ClInclude Include="rsunicode.h">
      <Filter>Header Files</Filter>
    </ClInclude>
    <ClInclude Include="rsutil.h">
      <Filter>Header Files</Filter>
    </ClInclude>
    <ClInclude Include="rsversion.h">
      <Filter>Header Files</Filter>
    </ClInclude>
    <ClInclude Include="resource.h">
      <Filter>Header Files</Filter>
    </ClInclude>
    <ClInclude Include="targetver.h">
      <Filter>Header Files</Filter>
    </ClInclude>
    <ClInclude Include="win_port.h">
      <Filter>Header Files</Filter>
    </ClInclude>
    <ClInclude Include="iam\rs_iam_support.h">
      <Filter>Header Files\iam</Filter>
    </ClInclude>
    <ClInclude Include="iam\rs_string.h">
      <Filter>Header Files\iam</Filter>
    </ClInclude>
    <ClInclude Include="iam\rs_wstring.h">
      <Filter>Header Files\iam</Filter>
    </ClInclude>
    <ClInclude Include="iam\RsCredentials.h">
      <Filter>Header Files\iam</Filter>
    </ClInclude>
    <ClInclude Include="iam\RsErrorException.h">
      <Filter>Header Files\iam</Filter>
    </ClInclude>
    <ClInclude Include="iam\RsHttpProxyProperties.h">
      <Filter>Header Files\iam</Filter>
    </ClInclude>
    <ClInclude Include="iam\RsHttpProxySettings.h">
      <Filter>Header Files\iam</Filter>
    </ClInclude>
    <ClInclude Include="iam\RsIamClient.h">
      <Filter>Header Files\iam</Filter>
    </ClInclude>
    <ClInclude Include="iam\RsIamEntry.h">
      <Filter>Header Files\iam</Filter>
    </ClInclude>
    <ClInclude Include="iam\RsIamHelper.h">
      <Filter>Header Files\iam</Filter>
    </ClInclude>
    <ClInclude Include="iam\RsSettings.h">
      <Filter>Header Files\iam</Filter>
    </ClInclude>
    <ClInclude Include="iam\RsUidPwdProperties.h">
      <Filter>Header Files\iam</Filter>
    </ClInclude>
    <ClInclude Include="iam\RsUidPwdSettings.h">
      <Filter>Header Files\iam</Filter>
    </ClInclude>
    <ClInclude Include="iam\core\IAMConfiguration.h">
      <Filter>Header Files\iam\core</Filter>
    </ClInclude>
    <ClInclude Include="iam\core\IAMCredentials.h">
      <Filter>Header Files\iam\core</Filter>
    </ClInclude>
    <ClInclude Include="iam\core\IAMCredentialsProvider.h">
      <Filter>Header Files\iam\core</Filter>
    </ClInclude>
    <ClInclude Include="iam\core\IAMFactory.h">
      <Filter>Header Files\iam\core</Filter>
    </ClInclude>
    <ClInclude Include="iam\core\IAMProfileConfigLoader.h">
      <Filter>Header Files\iam\core</Filter>
    </ClInclude>
    <ClInclude Include="iam\core\IAMProfileCredentialsProvider.h">
      <Filter>Header Files\iam\core</Filter>
    </ClInclude>
    <ClInclude Include="iam\core\IAMUtils.h">
      <Filter>Header Files\iam\core</Filter>
    </ClInclude>
    <ClInclude Include="iam\http\AddrInformation.h">
      <Filter>Header Files\iam\http</Filter>
    </ClInclude>
    <ClInclude Include="iam\http\HtmlResponse.h">
      <Filter>Header Files\iam\http</Filter>
    </ClInclude>
    <ClInclude Include="iam\http\IAMCurlHttpClient.h">
      <Filter>Header Files\iam\http</Filter>
    </ClInclude>
    <ClInclude Include="iam\http\IAMHttpClient.h">
      <Filter>Header Files\iam\http</Filter>
    </ClInclude>
    <ClInclude Include="iam\http\IAMWinHttpClient.h">
      <Filter>Header Files\iam\http</Filter>
    </ClInclude>
    <ClInclude Include="iam\http\IAMWinHttpClientDelegate.h">
      <Filter>Header Files\iam\http</Filter>
    </ClInclude>
    <ClInclude Include="iam\http\Parser.h">
      <Filter>Header Files\iam\http</Filter>
    </ClInclude>
    <ClInclude Include="iam\http\Selector.h">
      <Filter>Header Files\iam\http</Filter>
    </ClInclude>
    <ClInclude Include="iam\http\Socket.h">
      <Filter>Header Files\iam\http</Filter>
    </ClInclude>
    <ClInclude Include="iam\http\SocketStream.h">
      <Filter>Header Files\iam\http</Filter>
    </ClInclude>
    <ClInclude Include="iam\http\SocketSupport.h">
      <Filter>Header Files\iam\http</Filter>
    </ClInclude>
    <ClInclude Include="iam\http\WEBServer.h">
      <Filter>Header Files\iam\http</Filter>
    </ClInclude>
    <ClInclude Include="iam\plugins\IdpTokenAuthPlugin.h">
      <Filter>Header Files\iam\plugins</Filter>
    </ClInclude>
    <ClInclude Include="iam\plugins\BrowserIdcAuthPlugin.h">
      <Filter>Header Files\iam\plugins</Filter>
    </ClInclude>
    <ClInclude Include="iam\plugins\IAMAdfsCredentialsProvider.h">
      <Filter>Header Files\iam\plugins</Filter>
    </ClInclude>
    <ClInclude Include="iam\plugins\IAMAzureCredentialsProvider.h">
      <Filter>Header Files\iam\plugins</Filter>
    </ClInclude>
    <ClInclude Include="iam\plugins\IAMBrowserAzureCredentialsProvider.h">
      <Filter>Header Files\iam\plugins</Filter>
    </ClInclude>
    <ClInclude Include="iam\plugins\IAMBrowserSamlCredentialsProvider.h">
      <Filter>Header Files\iam\plugins</Filter>
    </ClInclude>
    <ClInclude Include="iam\plugins\IAMExternalCredentialsProvider.h">
      <Filter>Header Files\iam\plugins</Filter>
    </ClInclude>
    <ClInclude Include="iam\plugins\IAMJwtBasicCredentialsProvider.h">
      <Filter>Header Files\iam\plugins</Filter>
    </ClInclude>
    <ClInclude Include="iam\plugins\IAMJwtPluginCredentialsProvider.h">
      <Filter>Header Files\iam\plugins</Filter>
    </ClInclude>
    <ClInclude Include="iam\plugins\IAMOktaCredentialsProvider.h">
      <Filter>Header Files\iam\plugins</Filter>
    </ClInclude>
    <ClInclude Include="iam\plugins\IAMPingCredentialsProvider.h">
      <Filter>Header Files\iam\plugins</Filter>
    </ClInclude>
    <ClInclude Include="iam\plugins\IAMPluginCredentialsProvider.h">
      <Filter>Header Files\iam\plugins</Filter>
    </ClInclude>
    <ClInclude Include="iam\plugins\IAMPluginFactory.h">
      <Filter>Header Files\iam\plugins</Filter>
    </ClInclude>
    <ClInclude Include="iam\plugins\IAMSamlPluginCredentialsProvider.h">
      <Filter>Header Files\iam\plugins</Filter>
    </ClInclude>
    <ClInclude Include="iam\plugins\IAMBrowserAzureOAuth2CredentialsProvider.h">
      <Filter>Header Files\iam\plugins</Filter>
    </ClInclude>
    <ClInclude Include="iam\plugins\JwtIamAuthPlugin.h">
      <Filter>Header Files\iam\plugins</Filter>
    </ClInclude>
    <ClInclude Include="iam\plugins\NativePluginCredentialsProvider.h">
      <Filter>Header Files\iam\plugins</Filter>
    </ClInclude>
  </ItemGroup>
  <ItemGroup>
    <ResourceCompile Include="rsodbc.rc">
      <Filter>Resource Files</Filter>
    </ResourceCompile>
  </ItemGroup>
  <ItemGroup>
    <Image Include="redshift.ico">
      <Filter>Resource Files</Filter>
    </Image>
  </ItemGroup>
  <ItemGroup>
    <Text Include="ReadMe.txt" />
  </ItemGroup>
</Project>